// !$*UTF8*$!
{
	archiveVersion = 1;
	classes = {
	};
	objectVersion = 51;
	objects = {

/* Begin PBXBuildFile section */
		3B01F0DF22EC175C0045A78A /* FeedbackSheetViewController.swift in Sources */ = {isa = PBXBuildFile; fileRef = 3B01F0DE22EC175C0045A78A /* FeedbackSheetViewController.swift */; };
		3B01F0E122EC20080045A78A /* Secrets.swift in Sources */ = {isa = PBXBuildFile; fileRef = 3B01F0E022EC20080045A78A /* Secrets.swift */; };
		3B083B7B22CC3C2E0025F081 /* AppDelegate.swift in Sources */ = {isa = PBXBuildFile; fileRef = 3B083B7A22CC3C2E0025F081 /* AppDelegate.swift */; };
		3B083B8022CC3C300025F081 /* MainMenu.xib in Resources */ = {isa = PBXBuildFile; fileRef = 3B083B7E22CC3C300025F081 /* MainMenu.xib */; };
		3B083B8922CC3FD40025F081 /* Assets.xcassets in Resources */ = {isa = PBXBuildFile; fileRef = 3B083B8822CC3FD40025F081 /* Assets.xcassets */; };
		3B213446230C388900F7EE06 /* MenuControlsViewController.swift in Sources */ = {isa = PBXBuildFile; fileRef = 3B213445230C388900F7EE06 /* MenuControlsViewController.swift */; };
		3B2691E322E59A9400F877AC /* AddUserItemViewController.swift in Sources */ = {isa = PBXBuildFile; fileRef = 3B2691E222E59A9400F877AC /* AddUserItemViewController.swift */; };
		3B279CC622E7D683005D037D /* MenuItemTableCellView.swift in Sources */ = {isa = PBXBuildFile; fileRef = 3B279CC522E7D683005D037D /* MenuItemTableCellView.swift */; };
		3B279CC822E7DD1E005D037D /* MenuItemTableCellButton.swift in Sources */ = {isa = PBXBuildFile; fileRef = 3B279CC722E7DD1E005D037D /* MenuItemTableCellButton.swift */; };
		3B4DF32A24C72D670065DAAE /* MNUTests.swift in Sources */ = {isa = PBXBuildFile; fileRef = 3B4DF32924C72D670065DAAE /* MNUTests.swift */; };
		3B663CE12316D4570020A1DB /* AddUserItemCollectionView.swift in Sources */ = {isa = PBXBuildFile; fileRef = 3B663CE02316D4570020A1DB /* AddUserItemCollectionView.swift */; };
		3B787A8F230EECA800468D3F /* AddUserItemIconButton.swift in Sources */ = {isa = PBXBuildFile; fileRef = 3B787A8E230EECA800468D3F /* AddUserItemIconButton.swift */; };
		3B787A94230EF0B400468D3F /* AddUserItemCollectionViewItem.swift in Sources */ = {isa = PBXBuildFile; fileRef = 3B787A92230EF0B400468D3F /* AddUserItemCollectionViewItem.swift */; };
		3B787A95230EF0B400468D3F /* AddUserItemCollectionViewItem.xib in Resources */ = {isa = PBXBuildFile; fileRef = 3B787A93230EF0B400468D3F /* AddUserItemCollectionViewItem.xib */; };
		3B787A97230F132500468D3F /* AddUserItemPopoverController.swift in Sources */ = {isa = PBXBuildFile; fileRef = 3B787A96230F132500468D3F /* AddUserItemPopoverController.swift */; };
		3B9180B323439E3B00A5CE3B /* Serializer.swift in Sources */ = {isa = PBXBuildFile; fileRef = 3B9180B223439E3A00A5CE3B /* Serializer.swift */; };
		3BBEF08B22CEBD90001D1CCB /* ConfigureViewController.swift in Sources */ = {isa = PBXBuildFile; fileRef = 3BBEF08A22CEBD90001D1CCB /* ConfigureViewController.swift */; };
		3BBEF08D22CEC02F001D1CCB /* MenuItemList.swift in Sources */ = {isa = PBXBuildFile; fileRef = 3BBEF08C22CEC02F001D1CCB /* MenuItemList.swift */; };
		3BBEF08F22CEC634001D1CCB /* MenuItem.swift in Sources */ = {isa = PBXBuildFile; fileRef = 3BBEF08E22CEC634001D1CCB /* MenuItem.swift */; };
		3BBEF09122CECC00001D1CCB /* Constants.swift in Sources */ = {isa = PBXBuildFile; fileRef = 3BBEF09022CECC00001D1CCB /* Constants.swift */; };
		3BC6F64622EBE252004FBF22 /* AddToLogin.scpt in Resources */ = {isa = PBXBuildFile; fileRef = 3BC6F64522EBE252004FBF22 /* AddToLogin.scpt */; };
		3BC6F64822EBE61F004FBF22 /* RemoveLogin.scpt in Resources */ = {isa = PBXBuildFile; fileRef = 3BC6F64722EBE61F004FBF22 /* RemoveLogin.scpt */; };
		3BCBFD6623DF426A0018C0BC /* AddUserItemTextField.swift in Sources */ = {isa = PBXBuildFile; fileRef = 3BCBFD6523DF426A0018C0BC /* AddUserItemTextField.swift */; };
/* End PBXBuildFile section */

/* Begin PBXContainerItemProxy section */
		3B4DF32C24C72D670065DAAE /* PBXContainerItemProxy */ = {
			isa = PBXContainerItemProxy;
			containerPortal = 3B083B6F22CC3C2E0025F081 /* Project object */;
			proxyType = 1;
			remoteGlobalIDString = 3B083B7622CC3C2E0025F081;
			remoteInfo = MNU;
		};
/* End PBXContainerItemProxy section */

/* Begin PBXFileReference section */
		3B01F0DE22EC175C0045A78A /* FeedbackSheetViewController.swift */ = {isa = PBXFileReference; lastKnownFileType = sourcecode.swift; path = FeedbackSheetViewController.swift; sourceTree = "<group>"; };
		3B01F0E022EC20080045A78A /* Secrets.swift */ = {isa = PBXFileReference; fileEncoding = 4; lastKnownFileType = sourcecode.swift; name = Secrets.swift; path = /Users/smitty/OneDrive/Programming/mnu/Secrets.swift; sourceTree = "<absolute>"; };
		3B083B7722CC3C2E0025F081 /* MNU.app */ = {isa = PBXFileReference; explicitFileType = wrapper.application; includeInIndex = 0; path = MNU.app; sourceTree = BUILT_PRODUCTS_DIR; };
		3B083B7A22CC3C2E0025F081 /* AppDelegate.swift */ = {isa = PBXFileReference; lastKnownFileType = sourcecode.swift; path = AppDelegate.swift; sourceTree = "<group>"; };
		3B083B7F22CC3C300025F081 /* Base */ = {isa = PBXFileReference; lastKnownFileType = file.xib; name = Base; path = Base.lproj/MainMenu.xib; sourceTree = "<group>"; };
		3B083B8122CC3C300025F081 /* Info.plist */ = {isa = PBXFileReference; lastKnownFileType = text.plist.xml; name = Info.plist; path = "/Users/smitty/Documents/GitHub/mnu/MNU/Bundle Entities/Info.plist"; sourceTree = "<absolute>"; };
		3B083B8222CC3C300025F081 /* MNU.entitlements */ = {isa = PBXFileReference; lastKnownFileType = text.plist.entitlements; name = MNU.entitlements; path = "/Users/smitty/GitHub/mnu/MNU/Bundle Entities/MNU.entitlements"; sourceTree = "<absolute>"; };
		3B083B8822CC3FD40025F081 /* Assets.xcassets */ = {isa = PBXFileReference; lastKnownFileType = folder.assetcatalog; name = Assets.xcassets; path = ../../OneDrive/Programming/mnu/Assets.xcassets; sourceTree = SOURCE_ROOT; };
		3B213445230C388900F7EE06 /* MenuControlsViewController.swift */ = {isa = PBXFileReference; lastKnownFileType = sourcecode.swift; path = MenuControlsViewController.swift; sourceTree = "<group>"; };
		3B2691E222E59A9400F877AC /* AddUserItemViewController.swift */ = {isa = PBXFileReference; lastKnownFileType = sourcecode.swift; path = AddUserItemViewController.swift; sourceTree = "<group>"; };
		3B279CC522E7D683005D037D /* MenuItemTableCellView.swift */ = {isa = PBXFileReference; lastKnownFileType = sourcecode.swift; path = MenuItemTableCellView.swift; sourceTree = "<group>"; };
		3B279CC722E7DD1E005D037D /* MenuItemTableCellButton.swift */ = {isa = PBXFileReference; lastKnownFileType = sourcecode.swift; path = MenuItemTableCellButton.swift; sourceTree = "<group>"; };
		3B4DF32724C72D670065DAAE /* MNUTests.xctest */ = {isa = PBXFileReference; explicitFileType = wrapper.cfbundle; includeInIndex = 0; path = MNUTests.xctest; sourceTree = BUILT_PRODUCTS_DIR; };
		3B4DF32924C72D670065DAAE /* MNUTests.swift */ = {isa = PBXFileReference; lastKnownFileType = sourcecode.swift; path = MNUTests.swift; sourceTree = "<group>"; };
		3B4DF32B24C72D670065DAAE /* Info.plist */ = {isa = PBXFileReference; lastKnownFileType = text.plist.xml; path = Info.plist; sourceTree = "<group>"; };
		3B663CE02316D4570020A1DB /* AddUserItemCollectionView.swift */ = {isa = PBXFileReference; lastKnownFileType = sourcecode.swift; path = AddUserItemCollectionView.swift; sourceTree = "<group>"; };
		3B787A8E230EECA800468D3F /* AddUserItemIconButton.swift */ = {isa = PBXFileReference; lastKnownFileType = sourcecode.swift; path = AddUserItemIconButton.swift; sourceTree = "<group>"; };
		3B787A92230EF0B400468D3F /* AddUserItemCollectionViewItem.swift */ = {isa = PBXFileReference; lastKnownFileType = sourcecode.swift; path = AddUserItemCollectionViewItem.swift; sourceTree = "<group>"; };
		3B787A93230EF0B400468D3F /* AddUserItemCollectionViewItem.xib */ = {isa = PBXFileReference; lastKnownFileType = file.xib; path = AddUserItemCollectionViewItem.xib; sourceTree = "<group>"; };
		3B787A96230F132500468D3F /* AddUserItemPopoverController.swift */ = {isa = PBXFileReference; lastKnownFileType = sourcecode.swift; path = AddUserItemPopoverController.swift; sourceTree = "<group>"; };
		3B9180B223439E3A00A5CE3B /* Serializer.swift */ = {isa = PBXFileReference; fileEncoding = 4; lastKnownFileType = sourcecode.swift; path = Serializer.swift; sourceTree = "<group>"; };
		3BBEF08A22CEBD90001D1CCB /* ConfigureViewController.swift */ = {isa = PBXFileReference; lastKnownFileType = sourcecode.swift; path = ConfigureViewController.swift; sourceTree = "<group>"; };
		3BBEF08C22CEC02F001D1CCB /* MenuItemList.swift */ = {isa = PBXFileReference; lastKnownFileType = sourcecode.swift; path = MenuItemList.swift; sourceTree = "<group>"; };
		3BBEF08E22CEC634001D1CCB /* MenuItem.swift */ = {isa = PBXFileReference; lastKnownFileType = sourcecode.swift; path = MenuItem.swift; sourceTree = "<group>"; };
		3BBEF09022CECC00001D1CCB /* Constants.swift */ = {isa = PBXFileReference; lastKnownFileType = sourcecode.swift; path = Constants.swift; sourceTree = "<group>"; };
		3BC6F64522EBE252004FBF22 /* AddToLogin.scpt */ = {isa = PBXFileReference; fileEncoding = 4; lastKnownFileType = text; path = AddToLogin.scpt; sourceTree = "<group>"; };
		3BC6F64722EBE61F004FBF22 /* RemoveLogin.scpt */ = {isa = PBXFileReference; fileEncoding = 4; lastKnownFileType = text; path = RemoveLogin.scpt; sourceTree = "<group>"; };
		3BCBFD6523DF426A0018C0BC /* AddUserItemTextField.swift */ = {isa = PBXFileReference; lastKnownFileType = sourcecode.swift; path = AddUserItemTextField.swift; sourceTree = "<group>"; };
/* End PBXFileReference section */

/* Begin PBXFrameworksBuildPhase section */
		3B083B7422CC3C2E0025F081 /* Frameworks */ = {
			isa = PBXFrameworksBuildPhase;
			buildActionMask = 2147483647;
			files = (
			);
			runOnlyForDeploymentPostprocessing = 0;
		};
		3B4DF32424C72D670065DAAE /* Frameworks */ = {
			isa = PBXFrameworksBuildPhase;
			buildActionMask = 2147483647;
			files = (
			);
			runOnlyForDeploymentPostprocessing = 0;
		};
/* End PBXFrameworksBuildPhase section */

/* Begin PBXGroup section */
		3B01F0DB22EBEBDE0045A78A /* AppleScripts */ = {
			isa = PBXGroup;
			children = (
				3BC6F64522EBE252004FBF22 /* AddToLogin.scpt */,
				3BC6F64722EBE61F004FBF22 /* RemoveLogin.scpt */,
			);
			path = AppleScripts;
			sourceTree = "<group>";
		};
		3B01F0DC22EBEBF30045A78A /* Bundle Entities */ = {
			isa = PBXGroup;
			children = (
				3B083B7E22CC3C300025F081 /* MainMenu.xib */,
				3B787A93230EF0B400468D3F /* AddUserItemCollectionViewItem.xib */,
				3B083B8122CC3C300025F081 /* Info.plist */,
				3B083B8222CC3C300025F081 /* MNU.entitlements */,
			);
			path = "Bundle Entities";
			sourceTree = "<group>";
		};
		3B083B6E22CC3C2E0025F081 = {
			isa = PBXGroup;
			children = (
				3B083B7922CC3C2E0025F081 /* MNU */,
				3B4DF32824C72D670065DAAE /* MNUTests */,
				3B083B7822CC3C2E0025F081 /* Products */,
			);
			sourceTree = "<group>";
		};
		3B083B7822CC3C2E0025F081 /* Products */ = {
			isa = PBXGroup;
			children = (
				3B083B7722CC3C2E0025F081 /* MNU.app */,
				3B4DF32724C72D670065DAAE /* MNUTests.xctest */,
			);
			name = Products;
			sourceTree = "<group>";
		};
		3B083B7922CC3C2E0025F081 /* MNU */ = {
			isa = PBXGroup;
			children = (
				3B01F0E022EC20080045A78A /* Secrets.swift */,
				3BBEF09022CECC00001D1CCB /* Constants.swift */,
				3B083B7A22CC3C2E0025F081 /* AppDelegate.swift */,
				3B213445230C388900F7EE06 /* MenuControlsViewController.swift */,
				3BBEF08A22CEBD90001D1CCB /* ConfigureViewController.swift */,
				3B2691E222E59A9400F877AC /* AddUserItemViewController.swift */,
				3BCBFD6523DF426A0018C0BC /* AddUserItemTextField.swift */,
				3B787A96230F132500468D3F /* AddUserItemPopoverController.swift */,
				3B787A8E230EECA800468D3F /* AddUserItemIconButton.swift */,
				3B787A92230EF0B400468D3F /* AddUserItemCollectionViewItem.swift */,
				3B663CE02316D4570020A1DB /* AddUserItemCollectionView.swift */,
				3B01F0DE22EC175C0045A78A /* FeedbackSheetViewController.swift */,
				3B279CC522E7D683005D037D /* MenuItemTableCellView.swift */,
				3B279CC722E7DD1E005D037D /* MenuItemTableCellButton.swift */,
				3BBEF08E22CEC634001D1CCB /* MenuItem.swift */,
				3BBEF08C22CEC02F001D1CCB /* MenuItemList.swift */,
				3B9180B223439E3A00A5CE3B /* Serializer.swift */,
				3B083B8822CC3FD40025F081 /* Assets.xcassets */,
				3B01F0DB22EBEBDE0045A78A /* AppleScripts */,
				3B01F0DC22EBEBF30045A78A /* Bundle Entities */,
			);
			path = MNU;
			sourceTree = "<group>";
		};
		3B4DF32824C72D670065DAAE /* MNUTests */ = {
			isa = PBXGroup;
			children = (
				3B4DF32924C72D670065DAAE /* MNUTests.swift */,
				3B4DF32B24C72D670065DAAE /* Info.plist */,
			);
			path = MNUTests;
			sourceTree = "<group>";
		};
/* End PBXGroup section */

/* Begin PBXNativeTarget section */
		3B083B7622CC3C2E0025F081 /* MNU */ = {
			isa = PBXNativeTarget;
			buildConfigurationList = 3B083B8522CC3C300025F081 /* Build configuration list for PBXNativeTarget "MNU" */;
			buildPhases = (
				3B083B7322CC3C2E0025F081 /* Sources */,
				3B083B7422CC3C2E0025F081 /* Frameworks */,
				3B083B7522CC3C2E0025F081 /* Resources */,
			);
			buildRules = (
			);
			dependencies = (
			);
			name = MNU;
			productName = MNU;
			productReference = 3B083B7722CC3C2E0025F081 /* MNU.app */;
			productType = "com.apple.product-type.application";
		};
		3B4DF32624C72D670065DAAE /* MNUTests */ = {
			isa = PBXNativeTarget;
			buildConfigurationList = 3B4DF33024C72D680065DAAE /* Build configuration list for PBXNativeTarget "MNUTests" */;
			buildPhases = (
				3B4DF32324C72D670065DAAE /* Sources */,
				3B4DF32424C72D670065DAAE /* Frameworks */,
				3B4DF32524C72D670065DAAE /* Resources */,
			);
			buildRules = (
			);
			dependencies = (
				3B4DF32D24C72D670065DAAE /* PBXTargetDependency */,
			);
			name = MNUTests;
			productName = MNUTests;
			productReference = 3B4DF32724C72D670065DAAE /* MNUTests.xctest */;
			productType = "com.apple.product-type.bundle.unit-test";
		};
/* End PBXNativeTarget section */

/* Begin PBXProject section */
		3B083B6F22CC3C2E0025F081 /* Project object */ = {
			isa = PBXProject;
			attributes = {
				LastSwiftUpdateCheck = 1160;
				LastUpgradeCheck = 1100;
				ORGANIZATIONNAME = "Tony Smith";
				TargetAttributes = {
					3B083B7622CC3C2E0025F081 = {
						CreatedOnToolsVersion = 11.0;
					};
					3B4DF32624C72D670065DAAE = {
						CreatedOnToolsVersion = 11.6;
						TestTargetID = 3B083B7622CC3C2E0025F081;
					};
				};
			};
			buildConfigurationList = 3B083B7222CC3C2E0025F081 /* Build configuration list for PBXProject "MNU" */;
			compatibilityVersion = "Xcode 10.0";
			developmentRegion = en;
			hasScannedForEncodings = 0;
			knownRegions = (
				en,
				Base,
			);
			mainGroup = 3B083B6E22CC3C2E0025F081;
			productRefGroup = 3B083B7822CC3C2E0025F081 /* Products */;
			projectDirPath = "";
			projectRoot = "";
			targets = (
				3B083B7622CC3C2E0025F081 /* MNU */,
				3B4DF32624C72D670065DAAE /* MNUTests */,
			);
		};
/* End PBXProject section */

/* Begin PBXResourcesBuildPhase section */
		3B083B7522CC3C2E0025F081 /* Resources */ = {
			isa = PBXResourcesBuildPhase;
			buildActionMask = 2147483647;
			files = (
				3B083B8022CC3C300025F081 /* MainMenu.xib in Resources */,
				3B083B8922CC3FD40025F081 /* Assets.xcassets in Resources */,
				3B787A95230EF0B400468D3F /* AddUserItemCollectionViewItem.xib in Resources */,
				3BC6F64622EBE252004FBF22 /* AddToLogin.scpt in Resources */,
				3BC6F64822EBE61F004FBF22 /* RemoveLogin.scpt in Resources */,
			);
			runOnlyForDeploymentPostprocessing = 0;
		};
		3B4DF32524C72D670065DAAE /* Resources */ = {
			isa = PBXResourcesBuildPhase;
			buildActionMask = 2147483647;
			files = (
			);
			runOnlyForDeploymentPostprocessing = 0;
		};
/* End PBXResourcesBuildPhase section */

/* Begin PBXSourcesBuildPhase section */
		3B083B7322CC3C2E0025F081 /* Sources */ = {
			isa = PBXSourcesBuildPhase;
			buildActionMask = 2147483647;
			files = (
				3B787A97230F132500468D3F /* AddUserItemPopoverController.swift in Sources */,
				3B279CC822E7DD1E005D037D /* MenuItemTableCellButton.swift in Sources */,
				3B01F0E122EC20080045A78A /* Secrets.swift in Sources */,
				3BBEF08D22CEC02F001D1CCB /* MenuItemList.swift in Sources */,
				3B2691E322E59A9400F877AC /* AddUserItemViewController.swift in Sources */,
				3B9180B323439E3B00A5CE3B /* Serializer.swift in Sources */,
				3B663CE12316D4570020A1DB /* AddUserItemCollectionView.swift in Sources */,
				3B083B7B22CC3C2E0025F081 /* AppDelegate.swift in Sources */,
				3B213446230C388900F7EE06 /* MenuControlsViewController.swift in Sources */,
				3B279CC622E7D683005D037D /* MenuItemTableCellView.swift in Sources */,
				3BCBFD6623DF426A0018C0BC /* AddUserItemTextField.swift in Sources */,
				3B787A94230EF0B400468D3F /* AddUserItemCollectionViewItem.swift in Sources */,
				3BBEF09122CECC00001D1CCB /* Constants.swift in Sources */,
				3BBEF08B22CEBD90001D1CCB /* ConfigureViewController.swift in Sources */,
				3B787A8F230EECA800468D3F /* AddUserItemIconButton.swift in Sources */,
				3BBEF08F22CEC634001D1CCB /* MenuItem.swift in Sources */,
				3B01F0DF22EC175C0045A78A /* FeedbackSheetViewController.swift in Sources */,
			);
			runOnlyForDeploymentPostprocessing = 0;
		};
		3B4DF32324C72D670065DAAE /* Sources */ = {
			isa = PBXSourcesBuildPhase;
			buildActionMask = 2147483647;
			files = (
				3B4DF32A24C72D670065DAAE /* MNUTests.swift in Sources */,
			);
			runOnlyForDeploymentPostprocessing = 0;
		};
/* End PBXSourcesBuildPhase section */

/* Begin PBXTargetDependency section */
		3B4DF32D24C72D670065DAAE /* PBXTargetDependency */ = {
			isa = PBXTargetDependency;
			target = 3B083B7622CC3C2E0025F081 /* MNU */;
			targetProxy = 3B4DF32C24C72D670065DAAE /* PBXContainerItemProxy */;
		};
/* End PBXTargetDependency section */

/* Begin PBXVariantGroup section */
		3B083B7E22CC3C300025F081 /* MainMenu.xib */ = {
			isa = PBXVariantGroup;
			children = (
				3B083B7F22CC3C300025F081 /* Base */,
			);
			name = MainMenu.xib;
			sourceTree = "<group>";
		};
/* End PBXVariantGroup section */

/* Begin XCBuildConfiguration section */
		3B083B8322CC3C300025F081 /* Debug */ = {
			isa = XCBuildConfiguration;
			buildSettings = {
				ALWAYS_SEARCH_USER_PATHS = NO;
				CLANG_ANALYZER_NONNULL = YES;
				CLANG_ANALYZER_NUMBER_OBJECT_CONVERSION = YES_AGGRESSIVE;
				CLANG_CXX_LANGUAGE_STANDARD = "gnu++14";
				CLANG_CXX_LIBRARY = "libc++";
				CLANG_ENABLE_MODULES = YES;
				CLANG_ENABLE_OBJC_ARC = YES;
				CLANG_ENABLE_OBJC_WEAK = YES;
				CLANG_WARN_BLOCK_CAPTURE_AUTORELEASING = YES;
				CLANG_WARN_BOOL_CONVERSION = YES;
				CLANG_WARN_COMMA = YES;
				CLANG_WARN_CONSTANT_CONVERSION = YES;
				CLANG_WARN_DEPRECATED_OBJC_IMPLEMENTATIONS = YES;
				CLANG_WARN_DIRECT_OBJC_ISA_USAGE = YES_ERROR;
				CLANG_WARN_DOCUMENTATION_COMMENTS = YES;
				CLANG_WARN_EMPTY_BODY = YES;
				CLANG_WARN_ENUM_CONVERSION = YES;
				CLANG_WARN_INFINITE_RECURSION = YES;
				CLANG_WARN_INT_CONVERSION = YES;
				CLANG_WARN_NON_LITERAL_NULL_CONVERSION = YES;
				CLANG_WARN_OBJC_IMPLICIT_RETAIN_SELF = YES;
				CLANG_WARN_OBJC_LITERAL_CONVERSION = YES;
				CLANG_WARN_OBJC_ROOT_CLASS = YES_ERROR;
				CLANG_WARN_RANGE_LOOP_ANALYSIS = YES;
				CLANG_WARN_STRICT_PROTOTYPES = YES;
				CLANG_WARN_SUSPICIOUS_MOVE = YES;
				CLANG_WARN_UNGUARDED_AVAILABILITY = YES_AGGRESSIVE;
				CLANG_WARN_UNREACHABLE_CODE = YES;
				CLANG_WARN__DUPLICATE_METHOD_MATCH = YES;
				COPY_PHASE_STRIP = NO;
				DEBUG_INFORMATION_FORMAT = dwarf;
				ENABLE_STRICT_OBJC_MSGSEND = YES;
				ENABLE_TESTABILITY = YES;
				GCC_C_LANGUAGE_STANDARD = gnu11;
				GCC_DYNAMIC_NO_PIC = NO;
				GCC_NO_COMMON_BLOCKS = YES;
				GCC_OPTIMIZATION_LEVEL = 0;
				GCC_PREPROCESSOR_DEFINITIONS = (
					"DEBUG=1",
					"$(inherited)",
				);
				GCC_WARN_64_TO_32_BIT_CONVERSION = YES;
				GCC_WARN_ABOUT_RETURN_TYPE = YES_ERROR;
				GCC_WARN_UNDECLARED_SELECTOR = YES;
				GCC_WARN_UNINITIALIZED_AUTOS = YES_AGGRESSIVE;
				GCC_WARN_UNUSED_FUNCTION = YES;
				GCC_WARN_UNUSED_VARIABLE = YES;
				MACOSX_DEPLOYMENT_TARGET = 10.14;
				MTL_ENABLE_DEBUG_INFO = INCLUDE_SOURCE;
				MTL_FAST_MATH = YES;
				ONLY_ACTIVE_ARCH = YES;
				SDKROOT = macosx;
				SWIFT_ACTIVE_COMPILATION_CONDITIONS = DEBUG;
				SWIFT_OPTIMIZATION_LEVEL = "-Onone";
			};
			name = Debug;
		};
		3B083B8422CC3C300025F081 /* Release */ = {
			isa = XCBuildConfiguration;
			buildSettings = {
				ALWAYS_SEARCH_USER_PATHS = NO;
				CLANG_ANALYZER_NONNULL = YES;
				CLANG_ANALYZER_NUMBER_OBJECT_CONVERSION = YES_AGGRESSIVE;
				CLANG_CXX_LANGUAGE_STANDARD = "gnu++14";
				CLANG_CXX_LIBRARY = "libc++";
				CLANG_ENABLE_MODULES = YES;
				CLANG_ENABLE_OBJC_ARC = YES;
				CLANG_ENABLE_OBJC_WEAK = YES;
				CLANG_WARN_BLOCK_CAPTURE_AUTORELEASING = YES;
				CLANG_WARN_BOOL_CONVERSION = YES;
				CLANG_WARN_COMMA = YES;
				CLANG_WARN_CONSTANT_CONVERSION = YES;
				CLANG_WARN_DEPRECATED_OBJC_IMPLEMENTATIONS = YES;
				CLANG_WARN_DIRECT_OBJC_ISA_USAGE = YES_ERROR;
				CLANG_WARN_DOCUMENTATION_COMMENTS = YES;
				CLANG_WARN_EMPTY_BODY = YES;
				CLANG_WARN_ENUM_CONVERSION = YES;
				CLANG_WARN_INFINITE_RECURSION = YES;
				CLANG_WARN_INT_CONVERSION = YES;
				CLANG_WARN_NON_LITERAL_NULL_CONVERSION = YES;
				CLANG_WARN_OBJC_IMPLICIT_RETAIN_SELF = YES;
				CLANG_WARN_OBJC_LITERAL_CONVERSION = YES;
				CLANG_WARN_OBJC_ROOT_CLASS = YES_ERROR;
				CLANG_WARN_RANGE_LOOP_ANALYSIS = YES;
				CLANG_WARN_STRICT_PROTOTYPES = YES;
				CLANG_WARN_SUSPICIOUS_MOVE = YES;
				CLANG_WARN_UNGUARDED_AVAILABILITY = YES_AGGRESSIVE;
				CLANG_WARN_UNREACHABLE_CODE = YES;
				CLANG_WARN__DUPLICATE_METHOD_MATCH = YES;
				COPY_PHASE_STRIP = NO;
				DEBUG_INFORMATION_FORMAT = "dwarf-with-dsym";
				ENABLE_NS_ASSERTIONS = NO;
				ENABLE_STRICT_OBJC_MSGSEND = YES;
				GCC_C_LANGUAGE_STANDARD = gnu11;
				GCC_NO_COMMON_BLOCKS = YES;
				GCC_WARN_64_TO_32_BIT_CONVERSION = YES;
				GCC_WARN_ABOUT_RETURN_TYPE = YES_ERROR;
				GCC_WARN_UNDECLARED_SELECTOR = YES;
				GCC_WARN_UNINITIALIZED_AUTOS = YES_AGGRESSIVE;
				GCC_WARN_UNUSED_FUNCTION = YES;
				GCC_WARN_UNUSED_VARIABLE = YES;
				MACOSX_DEPLOYMENT_TARGET = 10.14;
				MTL_ENABLE_DEBUG_INFO = NO;
				MTL_FAST_MATH = YES;
				SDKROOT = macosx;
				SWIFT_COMPILATION_MODE = wholemodule;
				SWIFT_OPTIMIZATION_LEVEL = "-O";
			};
			name = Release;
		};
		3B083B8622CC3C300025F081 /* Debug */ = {
			isa = XCBuildConfiguration;
			buildSettings = {
				ASSETCATALOG_COMPILER_APPICON_NAME = AppIcon;
				CODE_SIGN_ENTITLEMENTS = "MNU/Bundle Entities/MNU.entitlements";
				CODE_SIGN_IDENTITY = "Apple Development";
				CODE_SIGN_STYLE = Automatic;
				COMBINE_HIDPI_IMAGES = YES;
				CURRENT_PROJECT_VERSION = 137;
				DEVELOPMENT_TEAM = Y5J3K52DNA;
				ENABLE_HARDENED_RUNTIME = YES;
				INFOPLIST_FILE = "MNU/Bundle Entities/Info.plist";
				LD_RUNPATH_SEARCH_PATHS = (
					"$(inherited)",
					"@executable_path/../Frameworks",
				);
				MARKETING_VERSION = 1.3.0;
				PRODUCT_BUNDLE_IDENTIFIER = com.bps.MNU;
				PRODUCT_NAME = "$(TARGET_NAME)";
				PROVISIONING_PROFILE_SPECIFIER = "";
				SWIFT_VERSION = 5.0;
			};
			name = Debug;
		};
		3B083B8722CC3C300025F081 /* Release */ = {
			isa = XCBuildConfiguration;
			buildSettings = {
				ASSETCATALOG_COMPILER_APPICON_NAME = AppIcon;
				CODE_SIGN_ENTITLEMENTS = "MNU/Bundle Entities/MNU.entitlements";
				CODE_SIGN_IDENTITY = "Developer ID Application";
				CODE_SIGN_STYLE = Manual;
				COMBINE_HIDPI_IMAGES = YES;
				CURRENT_PROJECT_VERSION = 137;
				DEVELOPMENT_TEAM = Y5J3K52DNA;
				ENABLE_HARDENED_RUNTIME = YES;
				INFOPLIST_FILE = "MNU/Bundle Entities/Info.plist";
				LD_RUNPATH_SEARCH_PATHS = (
					"$(inherited)",
					"@executable_path/../Frameworks",
				);
				MARKETING_VERSION = 1.3.0;
				PRODUCT_BUNDLE_IDENTIFIER = com.bps.MNU;
				PRODUCT_NAME = "$(TARGET_NAME)";
				PROVISIONING_PROFILE_SPECIFIER = "";
				SWIFT_VERSION = 5.0;
			};
			name = Release;
		};
		3B4DF32E24C72D670065DAAE /* Debug */ = {
			isa = XCBuildConfiguration;
			buildSettings = {
				BUNDLE_LOADER = "$(TEST_HOST)";
				CODE_SIGN_STYLE = Automatic;
				COMBINE_HIDPI_IMAGES = YES;
				DEVELOPMENT_TEAM = Y5J3K52DNA;
				INFOPLIST_FILE = MNUTests/Info.plist;
				LD_RUNPATH_SEARCH_PATHS = (
					"$(inherited)",
					"@executable_path/../Frameworks",
					"@loader_path/../Frameworks",
				);
				MACOSX_DEPLOYMENT_TARGET = 10.15;
				PRODUCT_BUNDLE_IDENTIFIER = com.bps.MNUTests;
				PRODUCT_NAME = "$(TARGET_NAME)";
				SWIFT_VERSION = 5.0;
				TEST_HOST = "$(BUILT_PRODUCTS_DIR)/MNU.app/Contents/MacOS/MNU";
			};
			name = Debug;
		};
		3B4DF32F24C72D670065DAAE /* Release */ = {
			isa = XCBuildConfiguration;
			buildSettings = {
				BUNDLE_LOADER = "$(TEST_HOST)";
				CODE_SIGN_STYLE = Automatic;
				COMBINE_HIDPI_IMAGES = YES;
				DEVELOPMENT_TEAM = Y5J3K52DNA;
				INFOPLIST_FILE = MNUTests/Info.plist;
				LD_RUNPATH_SEARCH_PATHS = (
					"$(inherited)",
					"@executable_path/../Frameworks",
					"@loader_path/../Frameworks",
				);
				MACOSX_DEPLOYMENT_TARGET = 10.15;
				PRODUCT_BUNDLE_IDENTIFIER = com.bps.MNUTests;
				PRODUCT_NAME = "$(TARGET_NAME)";
				SWIFT_VERSION = 5.0;
				TEST_HOST = "$(BUILT_PRODUCTS_DIR)/MNU.app/Contents/MacOS/MNU";
			};
			name = Release;
		};
/* End XCBuildConfiguration section */

/* Begin XCConfigurationList section */
		3B083B7222CC3C2E0025F081 /* Build configuration list for PBXProject "MNU" */ = {
			isa = XCConfigurationList;
			buildConfigurations = (
				3B083B8322CC3C300025F081 /* Debug */,
				3B083B8422CC3C300025F081 /* Release */,
			);
			defaultConfigurationIsVisible = 0;
			defaultConfigurationName = Release;
		};
		3B083B8522CC3C300025F081 /* Build configuration list for PBXNativeTarget "MNU" */ = {
			isa = XCConfigurationList;
			buildConfigurations = (
				3B083B8622CC3C300025F081 /* Debug */,
				3B083B8722CC3C300025F081 /* Release */,
			);
			defaultConfigurationIsVisible = 0;
			defaultConfigurationName = Release;
		};
		3B4DF33024C72D680065DAAE /* Build configuration list for PBXNativeTarget "MNUTests" */ = {
			isa = XCConfigurationList;
			buildConfigurations = (
				3B4DF32E24C72D670065DAAE /* Debug */,
				3B4DF32F24C72D670065DAAE /* Release */,
			);
			defaultConfigurationIsVisible = 0;
			defaultConfigurationName = Release;
		};
/* End XCConfigurationList section */
	};
	rootObject = 3B083B6F22CC3C2E0025F081 /* Project object */;
}
